
Microsoft Visual Studio Solution File, Format Version 12.00
# Visual Studio Version 17
VisualStudioVersion = 17.3.32901.215
MinimumVisualStudioVersion = 10.0.40219.1
Project("{2150E333-8FDC-42A3-9474-1A3956D46DE8}") = "API", "API", "{837C8F95-429E-4B66-AAC6-777BE5894F9A}"
EndProject
Project("{2150E333-8FDC-42A3-9474-1A3956D46DE8}") = "APP", "APP", "{AA9BE669-82B4-4247-B1C3-974C869C0922}"
EndProject
Project("{FAE04EC0-301F-11D3-BF4B-00C04F79EFBC}") = "API_Profinder", "API_Profinder\API_Profinder.csproj", "{D7EF8A48-0646-4889-9A76-57F078901438}"
EndProject
Project("{FAE04EC0-301F-11D3-BF4B-00C04F79EFBC}") = "Profinder_4.1.UWP", "Profinder_4.1\Profinder_4.1.UWP\Profinder_4.1.UWP.csproj", "{1F1AF086-5469-4141-8706-7857FCB46250}"
EndProject
Project("{FAE04EC0-301F-11D3-BF4B-00C04F79EFBC}") = "Profinder_4.1.Android", "Profinder_4.1\Profinder_4.1.Android\Profinder_4.1.Android.csproj", "{9C53FD23-BF1E-4E2E-A6E4-0B0340A245AD}"
EndProject
Project("{FAE04EC0-301F-11D3-BF4B-00C04F79EFBC}") = "Profinder_4.1.iOS", "Profinder_4.1\Profinder_4.1.iOS\Profinder_4.1.iOS.csproj", "{340718CE-29F7-402A-A3D1-4D05D99CD777}"
EndProject
Project("{FAE04EC0-301F-11D3-BF4B-00C04F79EFBC}") = "Profinder_4.1", "Profinder_4.1\Profinder_4.1\Profinder_4.1.csproj", "{21223681-684B-431C-871F-FE5D1A801A55}"
EndProject
Project("{2150E333-8FDC-42A3-9474-1A3956D46DE8}") = "Domain", "Domain", "{9D106B69-CB7F-4024-AEEF-6C5E02E549BC}"
EndProject
Project("{FAE04EC0-301F-11D3-BF4B-00C04F79EFBC}") = "Profinder_Domain", "Profinder_Domain\Profinder_Domain.csproj", "{18980933-2E63-48FB-965C-7DB1807F0924}"
EndProject
Global
	GlobalSection(SolutionConfigurationPlatforms) = preSolution
		Debug|Any CPU = Debug|Any CPU
		Debug|ARM = Debug|ARM
		Debug|iPhone = Debug|iPhone
		Debug|iPhoneSimulator = Debug|iPhoneSimulator
		Debug|x64 = Debug|x64
		Debug|x86 = Debug|x86
		Release|Any CPU = Release|Any CPU
		Release|ARM = Release|ARM
		Release|iPhone = Release|iPhone
		Release|iPhoneSimulator = Release|iPhoneSimulator
		Release|x64 = Release|x64
		Release|x86 = Release|x86
	EndGlobalSection
	GlobalSection(ProjectConfigurationPlatforms) = postSolution
		{D7EF8A48-0646-4889-9A76-57F078901438}.Debug|Any CPU.ActiveCfg = Debug|Any CPU
		{D7EF8A48-0646-4889-9A76-57F078901438}.Debug|Any CPU.Build.0 = Debug|Any CPU
		{D7EF8A48-0646-4889-9A76-57F078901438}.Debug|ARM.ActiveCfg = Debug|Any CPU
		{D7EF8A48-0646-4889-9A76-57F078901438}.Debug|ARM.Build.0 = Debug|Any CPU
		{D7EF8A48-0646-4889-9A76-57F078901438}.Debug|iPhone.ActiveCfg = Debug|Any CPU
		{D7EF8A48-0646-4889-9A76-57F078901438}.Debug|iPhone.Build.0 = Debug|Any CPU
		{D7EF8A48-0646-4889-9A76-57F078901438}.Debug|iPhoneSimulator.ActiveCfg = Debug|Any CPU
		{D7EF8A48-0646-4889-9A76-57F078901438}.Debug|iPhoneSimulator.Build.0 = Debug|Any CPU
		{D7EF8A48-0646-4889-9A76-57F078901438}.Debug|x64.ActiveCfg = Debug|Any CPU
		{D7EF8A48-0646-4889-9A76-57F078901438}.Debug|x64.Build.0 = Debug|Any CPU
		{D7EF8A48-0646-4889-9A76-57F078901438}.Debug|x86.ActiveCfg = Debug|Any CPU
		{D7EF8A48-0646-4889-9A76-57F078901438}.Debug|x86.Build.0 = Debug|Any CPU
		{D7EF8A48-0646-4889-9A76-57F078901438}.Release|Any CPU.ActiveCfg = Release|Any CPU
		{D7EF8A48-0646-4889-9A76-57F078901438}.Release|Any CPU.Build.0 = Release|Any CPU
		{D7EF8A48-0646-4889-9A76-57F078901438}.Release|ARM.ActiveCfg = Release|Any CPU
		{D7EF8A48-0646-4889-9A76-57F078901438}.Release|ARM.Build.0 = Release|Any CPU
		{D7EF8A48-0646-4889-9A76-57F078901438}.Release|iPhone.ActiveCfg = Release|Any CPU
		{D7EF8A48-0646-4889-9A76-57F078901438}.Release|iPhone.Build.0 = Release|Any CPU
		{D7EF8A48-0646-4889-9A76-57F078901438}.Release|iPhoneSimulator.ActiveCfg = Release|Any CPU
		{D7EF8A48-0646-4889-9A76-57F078901438}.Release|iPhoneSimulator.Build.0 = Release|Any CPU
		{D7EF8A48-0646-4889-9A76-57F078901438}.Release|x64.ActiveCfg = Release|Any CPU
		{D7EF8A48-0646-4889-9A76-57F078901438}.Release|x64.Build.0 = Release|Any CPU
		{D7EF8A48-0646-4889-9A76-57F078901438}.Release|x86.ActiveCfg = Release|Any CPU
		{D7EF8A48-0646-4889-9A76-57F078901438}.Release|x86.Build.0 = Release|Any CPU
		{1F1AF086-5469-4141-8706-7857FCB46250}.Debug|Any CPU.ActiveCfg = Debug|x64
		{1F1AF086-5469-4141-8706-7857FCB46250}.Debug|Any CPU.Build.0 = Debug|x64
		{1F1AF086-5469-4141-8706-7857FCB46250}.Debug|Any CPU.Deploy.0 = Debug|x64
		{1F1AF086-5469-4141-8706-7857FCB46250}.Debug|ARM.ActiveCfg = Debug|ARM
		{1F1AF086-5469-4141-8706-7857FCB46250}.Debug|ARM.Build.0 = Debug|ARM
		{1F1AF086-5469-4141-8706-7857FCB46250}.Debug|ARM.Deploy.0 = Debug|ARM
		{1F1AF086-5469-4141-8706-7857FCB46250}.Debug|iPhone.ActiveCfg = Debug|x64
		{1F1AF086-5469-4141-8706-7857FCB46250}.Debug|iPhone.Build.0 = Debug|x64
		{1F1AF086-5469-4141-8706-7857FCB46250}.Debug|iPhone.Deploy.0 = Debug|x64
		{1F1AF086-5469-4141-8706-7857FCB46250}.Debug|iPhoneSimulator.ActiveCfg = Debug|x64
		{1F1AF086-5469-4141-8706-7857FCB46250}.Debug|iPhoneSimulator.Build.0 = Debug|x64
		{1F1AF086-5469-4141-8706-7857FCB46250}.Debug|iPhoneSimulator.Deploy.0 = Debug|x64
		{1F1AF086-5469-4141-8706-7857FCB46250}.Debug|x64.ActiveCfg = Debug|x64
		{1F1AF086-5469-4141-8706-7857FCB46250}.Debug|x64.Build.0 = Debug|x64
		{1F1AF086-5469-4141-8706-7857FCB46250}.Debug|x64.Deploy.0 = Debug|x64
		{1F1AF086-5469-4141-8706-7857FCB46250}.Debug|x86.ActiveCfg = Debug|x86
		{1F1AF086-5469-4141-8706-7857FCB46250}.Debug|x86.Build.0 = Debug|x86
		{1F1AF086-5469-4141-8706-7857FCB46250}.Debug|x86.Deploy.0 = Debug|x86
		{1F1AF086-5469-4141-8706-7857FCB46250}.Release|Any CPU.ActiveCfg = Release|x64
		{1F1AF086-5469-4141-8706-7857FCB46250}.Release|Any CPU.Build.0 = Release|x64
		{1F1AF086-5469-4141-8706-7857FCB46250}.Release|Any CPU.Deploy.0 = Release|x64
		{1F1AF086-5469-4141-8706-7857FCB46250}.Release|ARM.ActiveCfg = Release|ARM
		{1F1AF086-5469-4141-8706-7857FCB46250}.Release|ARM.Build.0 = Release|ARM
		{1F1AF086-5469-4141-8706-7857FCB46250}.Release|ARM.Deploy.0 = Release|ARM
		{1F1AF086-5469-4141-8706-7857FCB46250}.Release|iPhone.ActiveCfg = Release|x64
		{1F1AF086-5469-4141-8706-7857FCB46250}.Release|iPhone.Build.0 = Release|x64
		{1F1AF086-5469-4141-8706-7857FCB46250}.Release|iPhone.Deploy.0 = Release|x64
		{1F1AF086-5469-4141-8706-7857FCB46250}.Release|iPhoneSimulator.ActiveCfg = Release|x64
		{1F1AF086-5469-4141-8706-7857FCB46250}.Release|iPhoneSimulator.Build.0 = Release|x64
		{1F1AF086-5469-4141-8706-7857FCB46250}.Release|iPhoneSimulator.Deploy.0 = Release|x64
		{1F1AF086-5469-4141-8706-7857FCB46250}.Release|x64.ActiveCfg = Release|x64
		{1F1AF086-5469-4141-8706-7857FCB46250}.Release|x64.Build.0 = Release|x64
		{1F1AF086-5469-4141-8706-7857FCB46250}.Release|x64.Deploy.0 = Release|x64
		{1F1AF086-5469-4141-8706-7857FCB46250}.Release|x86.ActiveCfg = Release|x86
		{1F1AF086-5469-4141-8706-7857FCB46250}.Release|x86.Build.0 = Release|x86
		{1F1AF086-5469-4141-8706-7857FCB46250}.Release|x86.Deploy.0 = Release|x86
		{9C53FD23-BF1E-4E2E-A6E4-0B0340A245AD}.Debug|Any CPU.ActiveCfg = Debug|Any CPU
		{9C53FD23-BF1E-4E2E-A6E4-0B0340A245AD}.Debug|Any CPU.Build.0 = Debug|Any CPU
		{9C53FD23-BF1E-4E2E-A6E4-0B0340A245AD}.Debug|Any CPU.Deploy.0 = Debug|Any CPU
		{9C53FD23-BF1E-4E2E-A6E4-0B0340A245AD}.Debug|ARM.ActiveCfg = Debug|Any CPU
		{9C53FD23-BF1E-4E2E-A6E4-0B0340A245AD}.Debug|ARM.Build.0 = Debug|Any CPU
		{9C53FD23-BF1E-4E2E-A6E4-0B0340A245AD}.Debug|ARM.Deploy.0 = Debug|Any CPU
		{9C53FD23-BF1E-4E2E-A6E4-0B0340A245AD}.Debug|iPhone.ActiveCfg = Debug|Any CPU
		{9C53FD23-BF1E-4E2E-A6E4-0B0340A245AD}.Debug|iPhone.Build.0 = Debug|Any CPU
		{9C53FD23-BF1E-4E2E-A6E4-0B0340A245AD}.Debug|iPhone.Deploy.0 = Debug|Any CPU
		{9C53FD23-BF1E-4E2E-A6E4-0B0340A245AD}.Debug|iPhoneSimulator.ActiveCfg = Debug|Any CPU
		{9C53FD23-BF1E-4E2E-A6E4-0B0340A245AD}.Debug|iPhoneSimulator.Build.0 = Debug|Any CPU
		{9C53FD23-BF1E-4E2E-A6E4-0B0340A245AD}.Debug|iPhoneSimulator.Deploy.0 = Debug|Any CPU
		{9C53FD23-BF1E-4E2E-A6E4-0B0340A245AD}.Debug|x64.ActiveCfg = Debug|Any CPU
		{9C53FD23-BF1E-4E2E-A6E4-0B0340A245AD}.Debug|x64.Build.0 = Debug|Any CPU
		{9C53FD23-BF1E-4E2E-A6E4-0B0340A245AD}.Debug|x64.Deploy.0 = Debug|Any CPU
		{9C53FD23-BF1E-4E2E-A6E4-0B0340A245AD}.Debug|x86.ActiveCfg = Debug|Any CPU
		{9C53FD23-BF1E-4E2E-A6E4-0B0340A245AD}.Debug|x86.Build.0 = Debug|Any CPU
		{9C53FD23-BF1E-4E2E-A6E4-0B0340A245AD}.Debug|x86.Deploy.0 = Debug|Any CPU
		{9C53FD23-BF1E-4E2E-A6E4-0B0340A245AD}.Release|Any CPU.ActiveCfg = Release|Any CPU
		{9C53FD23-BF1E-4E2E-A6E4-0B0340A245AD}.Release|Any CPU.Build.0 = Release|Any CPU
		{9C53FD23-BF1E-4E2E-A6E4-0B0340A245AD}.Release|Any CPU.Deploy.0 = Release|Any CPU
		{9C53FD23-BF1E-4E2E-A6E4-0B0340A245AD}.Release|ARM.ActiveCfg = Release|Any CPU
		{9C53FD23-BF1E-4E2E-A6E4-0B0340A245AD}.Release|ARM.Build.0 = Release|Any CPU
		{9C53FD23-BF1E-4E2E-A6E4-0B0340A245AD}.Release|ARM.Deploy.0 = Release|Any CPU
		{9C53FD23-BF1E-4E2E-A6E4-0B0340A245AD}.Release|iPhone.ActiveCfg = Release|Any CPU
		{9C53FD23-BF1E-4E2E-A6E4-0B0340A245AD}.Release|iPhone.Build.0 = Release|Any CPU
		{9C53FD23-BF1E-4E2E-A6E4-0B0340A245AD}.Release|iPhone.Deploy.0 = Release|Any CPU
		{9C53FD23-BF1E-4E2E-A6E4-0B0340A245AD}.Release|iPhoneSimulator.ActiveCfg = Release|Any CPU
		{9C53FD23-BF1E-4E2E-A6E4-0B0340A245AD}.Release|iPhoneSimulator.Build.0 = Release|Any CPU
		{9C53FD23-BF1E-4E2E-A6E4-0B0340A245AD}.Release|iPhoneSimulator.Deploy.0 = Release|Any CPU
		{9C53FD23-BF1E-4E2E-A6E4-0B0340A245AD}.Release|x64.ActiveCfg = Release|Any CPU
		{9C53FD23-BF1E-4E2E-A6E4-0B0340A245AD}.Release|x64.Build.0 = Release|Any CPU
		{9C53FD23-BF1E-4E2E-A6E4-0B0340A245AD}.Release|x64.Deploy.0 = Release|Any CPU
		{9C53FD23-BF1E-4E2E-A6E4-0B0340A245AD}.Release|x86.ActiveCfg = Release|Any CPU
		{9C53FD23-BF1E-4E2E-A6E4-0B0340A245AD}.Release|x86.Build.0 = Release|Any CPU
		{9C53FD23-BF1E-4E2E-A6E4-0B0340A245AD}.Release|x86.Deploy.0 = Release|Any CPU
		{340718CE-29F7-402A-A3D1-4D05D99CD777}.Debug|Any CPU.ActiveCfg = Debug|iPhoneSimulator
		{340718CE-29F7-402A-A3D1-4D05D99CD777}.Debug|Any CPU.Build.0 = Debug|iPhoneSimulator
		{340718CE-29F7-402A-A3D1-4D05D99CD777}.Debug|ARM.ActiveCfg = Debug|iPhoneSimulator
		{340718CE-29F7-402A-A3D1-4D05D99CD777}.Debug|ARM.Build.0 = Debug|iPhoneSimulator
		{340718CE-29F7-402A-A3D1-4D05D99CD777}.Debug|iPhone.ActiveCfg = Debug|iPhone
		{340718CE-29F7-402A-A3D1-4D05D99CD777}.Debug|iPhone.Build.0 = Debug|iPhone
		{340718CE-29F7-402A-A3D1-4D05D99CD777}.Debug|iPhoneSimulator.ActiveCfg = Debug|iPhoneSimulator
		{340718CE-29F7-402A-A3D1-4D05D99CD777}.Debug|iPhoneSimulator.Build.0 = Debug|iPhoneSimulator
		{340718CE-29F7-402A-A3D1-4D05D99CD777}.Debug|x64.ActiveCfg = Debug|iPhoneSimulator
		{340718CE-29F7-402A-A3D1-4D05D99CD777}.Debug|x64.Build.0 = Debug|iPhoneSimulator
		{340718CE-29F7-402A-A3D1-4D05D99CD777}.Debug|x86.ActiveCfg = Debug|iPhoneSimulator
		{340718CE-29F7-402A-A3D1-4D05D99CD777}.Debug|x86.Build.0 = Debug|iPhoneSimulator
		{340718CE-29F7-402A-A3D1-4D05D99CD777}.Release|Any CPU.ActiveCfg = Release|iPhoneSimulator
		{340718CE-29F7-402A-A3D1-4D05D99CD777}.Release|Any CPU.Build.0 = Release|iPhoneSimulator
		{340718CE-29F7-402A-A3D1-4D05D99CD777}.Release|ARM.ActiveCfg = Release|iPhoneSimulator
		{340718CE-29F7-402A-A3D1-4D05D99CD777}.Release|ARM.Build.0 = Release|iPhoneSimulator
		{340718CE-29F7-402A-A3D1-4D05D99CD777}.Release|iPhone.ActiveCfg = Release|iPhone
		{340718CE-29F7-402A-A3D1-4D05D99CD777}.Release|iPhone.Build.0 = Release|iPhone
		{340718CE-29F7-402A-A3D1-4D05D99CD777}.Release|iPhoneSimulator.ActiveCfg = Release|iPhoneSimulator
		{340718CE-29F7-402A-A3D1-4D05D99CD777}.Release|iPhoneSimulator.Build.0 = Release|iPhoneSimulator
		{340718CE-29F7-402A-A3D1-4D05D99CD777}.Release|x64.ActiveCfg = Release|iPhoneSimulator
		{340718CE-29F7-402A-A3D1-4D05D99CD777}.Release|x64.Build.0 = Release|iPhoneSimulator
		{340718CE-29F7-402A-A3D1-4D05D99CD777}.Release|x86.ActiveCfg = Release|iPhoneSimulator
		{340718CE-29F7-402A-A3D1-4D05D99CD777}.Release|x86.Build.0 = Release|iPhoneSimulator
		{21223681-684B-431C-871F-FE5D1A801A55}.Debug|Any CPU.ActiveCfg = Debug|Any CPU
		{21223681-684B-431C-871F-FE5D1A801A55}.Debug|Any CPU.Build.0 = Debug|Any CPU
		{21223681-684B-431C-871F-FE5D1A801A55}.Debug|ARM.ActiveCfg = Debug|Any CPU
		{21223681-684B-431C-871F-FE5D1A801A55}.Debug|ARM.Build.0 = Debug|Any CPU
		{21223681-684B-431C-871F-FE5D1A801A55}.Debug|iPhone.ActiveCfg = Debug|Any CPU
		{21223681-684B-431C-871F-FE5D1A801A55}.Debug|iPhone.Build.0 = Debug|Any CPU
		{21223681-684B-431C-871F-FE5D1A801A55}.Debug|iPhoneSimulator.ActiveCfg = Debug|Any CPU
		{21223681-684B-431C-871F-FE5D1A801A55}.Debug|iPhoneSimulator.Build.0 = Debug|Any CPU
		{21223681-684B-431C-871F-FE5D1A801A55}.Debug|x64.ActiveCfg = Debug|Any CPU
		{21223681-684B-431C-871F-FE5D1A801A55}.Debug|x64.Build.0 = Debug|Any CPU
		{21223681-684B-431C-871F-FE5D1A801A55}.Debug|x86.ActiveCfg = Debug|Any CPU
		{21223681-684B-431C-871F-FE5D1A801A55}.Debug|x86.Build.0 = Debug|Any CPU
		{21223681-684B-431C-871F-FE5D1A801A55}.Release|Any CPU.ActiveCfg = Release|Any CPU
		{21223681-684B-431C-871F-FE5D1A801A55}.Release|Any CPU.Build.0 = Release|Any CPU
		{21223681-684B-431C-871F-FE5D1A801A55}.Release|ARM.ActiveCfg = Release|Any CPU
		{21223681-684B-431C-871F-FE5D1A801A55}.Release|ARM.Build.0 = Release|Any CPU
		{21223681-684B-431C-871F-FE5D1A801A55}.Release|iPhone.ActiveCfg = Release|Any CPU
		{21223681-684B-431C-871F-FE5D1A801A55}.Release|iPhone.Build.0 = Release|Any CPU
		{21223681-684B-431C-871F-FE5D1A801A55}.Release|iPhoneSimulator.ActiveCfg = Release|Any CPU
		{21223681-684B-431C-871F-FE5D1A801A55}.Release|iPhoneSimulator.Build.0 = Release|Any CPU
		{21223681-684B-431C-871F-FE5D1A801A55}.Release|x64.ActiveCfg = Release|Any CPU
		{21223681-684B-431C-871F-FE5D1A801A55}.Release|x64.Build.0 = Release|Any CPU
		{21223681-684B-431C-871F-FE5D1A801A55}.Release|x86.ActiveCfg = Release|Any CPU
		{21223681-684B-431C-871F-FE5D1A801A55}.Release|x86.Build.0 = Release|Any CPU
		{18980933-2E63-48FB-965C-7DB1807F0924}.Debug|Any CPU.ActiveCfg = Debug|Any CPU
		{18980933-2E63-48FB-965C-7DB1807F0924}.Debug|Any CPU.Build.0 = Debug|Any CPU
		{18980933-2E63-48FB-965C-7DB1807F0924}.Debug|ARM.ActiveCfg = Debug|Any CPU
		{18980933-2E63-48FB-965C-7DB1807F0924}.Debug|ARM.Build.0 = Debug|Any CPU
		{18980933-2E63-48FB-965C-7DB1807F0924}.Debug|iPhone.ActiveCfg = Debug|Any CPU
		{18980933-2E63-48FB-965C-7DB1807F0924}.Debug|iPhone.Build.0 = Debug|Any CPU
		{18980933-2E63-48FB-965C-7DB1807F0924}.Debug|iPhoneSimulator.ActiveCfg = Debug|Any CPU
		{18980933-2E63-48FB-965C-7DB1807F0924}.Debug|iPhoneSimulator.Build.0 = Debug|Any CPU
		{18980933-2E63-48FB-965C-7DB1807F0924}.Debug|x64.ActiveCfg = Debug|Any CPU
		{18980933-2E63-48FB-965C-7DB1807F0924}.Debug|x64.Build.0 = Debug|Any CPU
		{18980933-2E63-48FB-965C-7DB1807F0924}.Debug|x86.ActiveCfg = Debug|Any CPU
		{18980933-2E63-48FB-965C-7DB1807F0924}.Debug|x86.Build.0 = Debug|Any CPU
		{18980933-2E63-48FB-965C-7DB1807F0924}.Release|Any CPU.ActiveCfg = Release|Any CPU
		{18980933-2E63-48FB-965C-7DB1807F0924}.Release|Any CPU.Build.0 = Release|Any CPU
		{18980933-2E63-48FB-965C-7DB1807F0924}.Release|ARM.ActiveCfg = Release|Any CPU
		{18980933-2E63-48FB-965C-7DB1807F0924}.Release|ARM.Build.0 = Release|Any CPU
		{18980933-2E63-48FB-965C-7DB1807F0924}.Release|iPhone.ActiveCfg = Release|Any CPU
		{18980933-2E63-48FB-965C-7DB1807F0924}.Release|iPhone.Build.0 = Release|Any CPU
		{18980933-2E63-48FB-965C-7DB1807F0924}.Release|iPhoneSimulator.ActiveCfg = Release|Any CPU
		{18980933-2E63-48FB-965C-7DB1807F0924}.Release|iPhoneSimulator.Build.0 = Release|Any CPU
		{18980933-2E63-48FB-965C-7DB1807F0924}.Release|x64.ActiveCfg = Release|Any CPU
		{18980933-2E63-48FB-965C-7DB1807F0924}.Release|x64.Build.0 = Release|Any CPU
		{18980933-2E63-48FB-965C-7DB1807F0924}.Release|x86.ActiveCfg = Release|Any CPU
		{18980933-2E63-48FB-965C-7DB1807F0924}.Release|x86.Build.0 = Release|Any CPU
	EndGlobalSection
	GlobalSection(SolutionProperties) = preSolution
		HideSolutionNode = FALSE
	EndGlobalSection
	GlobalSection(NestedProjects) = preSolution
		{D7EF8A48-0646-4889-9A76-57F078901438} = {837C8F95-429E-4B66-AAC6-777BE5894F9A}
		{1F1AF086-5469-4141-8706-7857FCB46250} = {AA9BE669-82B4-4247-B1C3-974C869C0922}
		{9C53FD23-BF1E-4E2E-A6E4-0B0340A245AD} = {AA9BE669-82B4-4247-B1C3-974C869C0922}
		{340718CE-29F7-402A-A3D1-4D05D99CD777} = {AA9BE669-82B4-4247-B1C3-974C869C0922}
		{21223681-684B-431C-871F-FE5D1A801A55} = {AA9BE669-82B4-4247-B1C3-974C869C0922}
		{18980933-2E63-48FB-965C-7DB1807F0924} = {9D106B69-CB7F-4024-AEEF-6C5E02E549BC}
	EndGlobalSection
	GlobalSection(ExtensibilityGlobals) = postSolution
		SolutionGuid = {E3EB3AE7-18EE-487A-86BB-42A7B5700902}
	EndGlobalSection
EndGlobal
